
Microsoft Visual Studio Solution File, Format Version 12.00
# Visual Studio Version 16
VisualStudioVersion = 16.0.31410.357
MinimumVisualStudioVersion = 10.0.40219.1
Project("{FAE04EC0-301F-11D3-BF4B-00C04F79EFBC}") = "DemoAPI", "DemoAPI\DemoAPI.csproj", "{20583C51-1D03-4203-9B9B-FCBF099DB930}"
EndProject
Global
	GlobalSection(SolutionConfigurationPlatforms) = preSolution
		Debug|Any CPU = Debug|Any CPU
		Release|Any CPU = Release|Any CPU
	EndGlobalSection
	GlobalSection(ProjectConfigurationPlatforms) = postSolution
		{20583C51-1D03-4203-9B9B-FCBF099DB930}.Debug|Any CPU.ActiveCfg = Debug|Any CPU
		{20583C51-1D03-4203-9B9B-FCBF099DB930}.Debug|Any CPU.Build.0 = Debug|Any CPU
		{20583C51-1D03-4203-9B9B-FCBF099DB930}.Release|Any CPU.ActiveCfg = Release|Any CPU
		{20583C51-1D03-4203-9B9B-FCBF099DB930}.Release|Any CPU.Build.0 = Release|Any CPU
	EndGlobalSection
	GlobalSection(SolutionProperties) = preSolution
		HideSolutionNode = FALSE
	EndGlobalSection
	GlobalSection(ExtensibilityGlobals) = postSolution
		SolutionGuid = {194E5B61-5E4F-4325-AF6F-0D700AFC8C53}
	EndGlobalSection
EndGlobal
